
Microsoft Visual Studio Solution File, Format Version 12.00
# Visual Studio Version 17
VisualStudioVersion = 17.4.33403.182
MinimumVisualStudioVersion = 10.0.40219.1
Project("{8BC9CEB8-8B4A-11D0-8D11-00A0C91BC942}") = "Chuot", "Chuot.vcxproj", "{A33A67AB-471C-4BFA-A6FE-ED0B81B1AAAF}"
EndProject
Global
	GlobalSection(SolutionConfigurationPlatforms) = preSolution
		Debug|x64 = Debug|x64
		Debug|x86 = Debug|x86
		Release|x64 = Release|x64
		Release|x86 = Release|x86
	EndGlobalSection
	GlobalSection(ProjectConfigurationPlatforms) = postSolution
		{A33A67AB-471C-4BFA-A6FE-ED0B81B1AAAF}.Debug|x64.ActiveCfg = Debug|x64
		{A33A67AB-471C-4BFA-A6FE-ED0B81B1AAAF}.Debug|x64.Build.0 = Debug|x64
		{A33A67AB-471C-4BFA-A6FE-ED0B81B1AAAF}.Debug|x86.ActiveCfg = Debug|Win32
		{A33A67AB-471C-4BFA-A6FE-ED0B81B1AAAF}.Debug|x86.Build.0 = Debug|Win32
		{A33A67AB-471C-4BFA-A6FE-ED0B81B1AAAF}.Release|x64.ActiveCfg = Release|x64
		{A33A67AB-471C-4BFA-A6FE-ED0B81B1AAAF}.Release|x64.Build.0 = Release|x64
		{A33A67AB-471C-4BFA-A6FE-ED0B81B1AAAF}.Release|x86.ActiveCfg = Release|Win32
		{A33A67AB-471C-4BFA-A6FE-ED0B81B1AAAF}.Release|x86.Build.0 = Release|Win32
	EndGlobalSection
	GlobalSection(SolutionProperties) = preSolution
		HideSolutionNode = FALSE
	EndGlobalSection
	GlobalSection(ExtensibilityGlobals) = postSolution
		SolutionGuid = {989BE5B8-13D4-4385-A273-8BF2C7398182}
	EndGlobalSection
EndGlobal
